
Microsoft Visual Studio Solution File, Format Version 12.00
# Visual Studio 14
VisualStudioVersion = 14.0.25420.1
MinimumVisualStudioVersion = 10.0.40219.1
Project("{FAE04EC0-301F-11D3-BF4B-00C04F79EFBC}") = "VictorBush.Ego.NefsEdit", "VictorBush.Ego.NefsEdit\VictorBush.Ego.NefsEdit.csproj", "{FFDA0019-DFB4-4928-91F0-A0D7D18518D1}"
	ProjectSection(ProjectDependencies) = postProject
		{001EE6EB-B056-4459-B13F-2B7CD96A7D55} = {001EE6EB-B056-4459-B13F-2B7CD96A7D55}
	EndProjectSection
EndProject
Project("{FAE04EC0-301F-11D3-BF4B-00C04F79EFBC}") = "VictorBush.Ego.NefsLib", "VictorBush.Ego.NefsLib\VictorBush.Ego.NefsLib.csproj", "{001EE6EB-B056-4459-B13F-2B7CD96A7D55}"
EndProject
Project("{FAE04EC0-301F-11D3-BF4B-00C04F79EFBC}") = "VictorBush.Ego.NefsLib.Tests", "VictorBush.Ego.NefsLib.Tests\VictorBush.Ego.NefsLib.Tests.csproj", "{D61BDE1F-62C6-4114-BA61-E375CFE9DB1F}"
EndProject
Global
	GlobalSection(SolutionConfigurationPlatforms) = preSolution
		Debug|Any CPU = Debug|Any CPU
		Release|Any CPU = Release|Any CPU
	EndGlobalSection
	GlobalSection(ProjectConfigurationPlatforms) = postSolution
		{FFDA0019-DFB4-4928-91F0-A0D7D18518D1}.Debug|Any CPU.ActiveCfg = Debug|Any CPU
		{FFDA0019-DFB4-4928-91F0-A0D7D18518D1}.Debug|Any CPU.Build.0 = Debug|Any CPU
		{FFDA0019-DFB4-4928-91F0-A0D7D18518D1}.Release|Any CPU.ActiveCfg = Release|Any CPU
		{FFDA0019-DFB4-4928-91F0-A0D7D18518D1}.Release|Any CPU.Build.0 = Release|Any CPU
		{001EE6EB-B056-4459-B13F-2B7CD96A7D55}.Debug|Any CPU.ActiveCfg = Debug|Any CPU
		{001EE6EB-B056-4459-B13F-2B7CD96A7D55}.Debug|Any CPU.Build.0 = Debug|Any CPU
		{001EE6EB-B056-4459-B13F-2B7CD96A7D55}.Release|Any CPU.ActiveCfg = Release|Any CPU
		{001EE6EB-B056-4459-B13F-2B7CD96A7D55}.Release|Any CPU.Build.0 = Release|Any CPU
		{D61BDE1F-62C6-4114-BA61-E375CFE9DB1F}.Debug|Any CPU.ActiveCfg = Debug|Any CPU
		{D61BDE1F-62C6-4114-BA61-E375CFE9DB1F}.Debug|Any CPU.Build.0 = Debug|Any CPU
		{D61BDE1F-62C6-4114-BA61-E375CFE9DB1F}.Release|Any CPU.ActiveCfg = Release|Any CPU
		{D61BDE1F-62C6-4114-BA61-E375CFE9DB1F}.Release|Any CPU.Build.0 = Release|Any CPU
	EndGlobalSection
	GlobalSection(SolutionProperties) = preSolution
		HideSolutionNode = FALSE
	EndGlobalSection
EndGlobal
